<?xml version="1.0" encoding="UTF-8" standalone="yes" ?>
<CodeBlocks_project_file>
	<FileVersion major="1" minor="6" />
	<Project>
		<Option title="NodeFlow" />
		<Option pch_mode="2" />
		<Option compiler="gcc" />
		<Build>
			<Target title="Debug">
				<Option output="bin/Debug/NodeFlow" prefix_auto="1" extension_auto="1" />
				<Option object_output="obj/Debug/" />
				<Option type="1" />
				<Option compiler="gcc" />
				<Compiler>
					<Add option="-g" />
					<Add directory="eigen3/Eigen" />
				</Compiler>
			</Target>
			<Target title="Release">
				<Option output="bin/Release/NodeFlow" prefix_auto="1" extension_auto="1" />
				<Option object_output="obj/Release/" />
				<Option type="1" />
				<Option compiler="gcc" />
				<Compiler>
					<Add option="-O2" />
					<Add directory="eigen3/Eigen" />
				</Compiler>
				<Linker>
					<Add option="-s" />
				</Linker>
			</Target>
		</Build>
		<Compiler>
			<Add option="-Wall" />
		</Compiler>
		<Unit filename="Graph.h" />
		<Unit filename="Layer.h" />
		<Unit filename="Master.h" />
		<Unit filename="Node.h" />
		<Unit filename="NodeFLow_Math.h" />
		<Unit filename="NodeFlow.h" />
		<Unit filename="Session.h" />
		<Unit filename="activation_function.h" />
		<Unit filename="constant.h" />
		<Unit filename="inner_function.h" />
		<Unit filename="optimizer.h" />
		<Unit filename="sample_cnn.cpp" />
		<Unit filename="type.h" />
		<Unit filename="util.h" />
		<Extensions>
			<code_completion />
			<envvars />
			<debugger />
			<lib_finder disable_auto="1" />
		</Extensions>
	</Project>
</CodeBlocks_project_file>
